github.com/jpanther/congo/v2 v2.5.2 h1:cSM6cnBfbsSN9uYIKXjnyudZDWK+OWWVPVlFmkQQSGE=
github.com/jpanther/congo/v2 v2.5.2/go.mod h1:1S7DRoO1ZYS4YUdFd1LjTkdyjQwsjFWd8TqSfz3Jd+M=
github.com/jpanther/congo/v2 v2.8.1 h1:S8GuQXM/91DJdmmyjOTfHa4LUg08iNsKASSyX2RgeJU=
github.com/jpanther/congo/v2 v2.8.1/go.mod h1:1S7DRoO1ZYS4YUdFd1LjTkdyjQwsjFWd8TqSfz3Jd+M=
